// !$*UTF8*$!
{
	archiveVersion = 1;
	classes = {
	};
	objectVersion = 50;
	objects = {

/* Begin PBXBuildFile section */
		095586D8071045FC2B8924D5 /* libPods-firebase-crashlytics-sample.a in Frameworks */ = {isa = PBXBuildFile; fileRef = 2C6A44E534946E061C29BCFE /* libPods-firebase-crashlytics-sample.a */; };
		47373C3C23030AB6001C978D /* AppDelegate.swift in Sources */ = {isa = PBXBuildFile; fileRef = 47373C3B23030AB6001C978D /* AppDelegate.swift */; };
		47373C3E23030AB6001C978D /* ViewController.swift in Sources */ = {isa = PBXBuildFile; fileRef = 47373C3D23030AB6001C978D /* ViewController.swift */; };
		47373C4123030AB6001C978D /* Main.storyboard in Resources */ = {isa = PBXBuildFile; fileRef = 47373C3F23030AB6001C978D /* Main.storyboard */; };
		47373C4323030AB7001C978D /* Assets.xcassets in Resources */ = {isa = PBXBuildFile; fileRef = 47373C4223030AB7001C978D /* Assets.xcassets */; };
		47373C4623030AB7001C978D /* LaunchScreen.storyboard in Resources */ = {isa = PBXBuildFile; fileRef = 47373C4423030AB7001C978D /* LaunchScreen.storyboard */; };
		47373C4E23030B45001C978D /* GoogleService-Info.plist in Resources */ = {isa = PBXBuildFile; fileRef = 47373C4D23030B45001C978D /* GoogleService-Info.plist */; };
/* End PBXBuildFile section */

/* Begin PBXFileReference section */
		1A091D38311AD892A56F6BFD /* Pods-firebase-crashlytics-sample.release.xcconfig */ = {isa = PBXFileReference; includeInIndex = 1; lastKnownFileType = text.xcconfig; name = "Pods-firebase-crashlytics-sample.release.xcconfig"; path = "Target Support Files/Pods-firebase-crashlytics-sample/Pods-firebase-crashlytics-sample.release.xcconfig"; sourceTree = "<group>"; };
		2C6A44E534946E061C29BCFE /* libPods-firebase-crashlytics-sample.a */ = {isa = PBXFileReference; explicitFileType = archive.ar; includeInIndex = 0; path = "libPods-firebase-crashlytics-sample.a"; sourceTree = BUILT_PRODUCTS_DIR; };
		47373C3823030AB6001C978D /* firebase-crashlytics-sample.app */ = {isa = PBXFileReference; explicitFileType = wrapper.application; includeInIndex = 0; path = "firebase-crashlytics-sample.app"; sourceTree = BUILT_PRODUCTS_DIR; };
		47373C3B23030AB6001C978D /* AppDelegate.swift */ = {isa = PBXFileReference; lastKnownFileType = sourcecode.swift; path = AppDelegate.swift; sourceTree = "<group>"; };
		47373C3D23030AB6001C978D /* ViewController.swift */ = {isa = PBXFileReference; lastKnownFileType = sourcecode.swift; path = ViewController.swift; sourceTree = "<group>"; };
		47373C4023030AB6001C978D /* Base */ = {isa = PBXFileReference; lastKnownFileType = file.storyboard; name = Base; path = Base.lproj/Main.storyboard; sourceTree = "<group>"; };
		47373C4223030AB7001C978D /* Assets.xcassets */ = {isa = PBXFileReference; lastKnownFileType = folder.assetcatalog; path = Assets.xcassets; sourceTree = "<group>"; };
		47373C4523030AB7001C978D /* Base */ = {isa = PBXFileReference; lastKnownFileType = file.storyboard; name = Base; path = Base.lproj/LaunchScreen.storyboard; sourceTree = "<group>"; };
		47373C4723030AB7001C978D /* Info.plist */ = {isa = PBXFileReference; lastKnownFileType = text.plist.xml; path = Info.plist; sourceTree = "<group>"; };
		47373C4D23030B45001C978D /* GoogleService-Info.plist */ = {isa = PBXFileReference; fileEncoding = 4; lastKnownFileType = text.plist.xml; path = "GoogleService-Info.plist"; sourceTree = "<group>"; };
		7F733D66FE0111BD8B20F7C1 /* Pods-firebase-crashlytics-sample.debug.xcconfig */ = {isa = PBXFileReference; includeInIndex = 1; lastKnownFileType = text.xcconfig; name = "Pods-firebase-crashlytics-sample.debug.xcconfig"; path = "Target Support Files/Pods-firebase-crashlytics-sample/Pods-firebase-crashlytics-sample.debug.xcconfig"; sourceTree = "<group>"; };
/* End PBXFileReference section */

/* Begin PBXFrameworksBuildPhase section */
		47373C3523030AB6001C978D /* Frameworks */ = {
			isa = PBXFrameworksBuildPhase;
			buildActionMask = 2147483647;
			files = (
				095586D8071045FC2B8924D5 /* libPods-firebase-crashlytics-sample.a in Frameworks */,
			);
			runOnlyForDeploymentPostprocessing = 0;
		};
/* End PBXFrameworksBuildPhase section */

/* Begin PBXGroup section */
		47373C2F23030AB6001C978D = {
			isa = PBXGroup;
			children = (
				47373C3A23030AB6001C978D /* firebase-crashlytics-sample */,
				47373C3923030AB6001C978D /* Products */,
				854D17E6CEE67CFFBFE9AD32 /* Pods */,
				C4FC2EA89174766EC8C1656C /* Frameworks */,
			);
			sourceTree = "<group>";
		};
		47373C3923030AB6001C978D /* Products */ = {
			isa = PBXGroup;
			children = (
				47373C3823030AB6001C978D /* firebase-crashlytics-sample.app */,
			);
			name = Products;
			sourceTree = "<group>";
		};
		47373C3A23030AB6001C978D /* firebase-crashlytics-sample */ = {
			isa = PBXGroup;
			children = (
				47373C4D23030B45001C978D /* GoogleService-Info.plist */,
				47373C3B23030AB6001C978D /* AppDelegate.swift */,
				47373C3D23030AB6001C978D /* ViewController.swift */,
				47373C3F23030AB6001C978D /* Main.storyboard */,
				47373C4223030AB7001C978D /* Assets.xcassets */,
				47373C4423030AB7001C978D /* LaunchScreen.storyboard */,
				47373C4723030AB7001C978D /* Info.plist */,
			);
			path = "firebase-crashlytics-sample";
			sourceTree = "<group>";
		};
		854D17E6CEE67CFFBFE9AD32 /* Pods */ = {
			isa = PBXGroup;
			children = (
				7F733D66FE0111BD8B20F7C1 /* Pods-firebase-crashlytics-sample.debug.xcconfig */,
				1A091D38311AD892A56F6BFD /* Pods-firebase-crashlytics-sample.release.xcconfig */,
			);
			path = Pods;
			sourceTree = "<group>";
		};
		C4FC2EA89174766EC8C1656C /* Frameworks */ = {
			isa = PBXGroup;
			children = (
				2C6A44E534946E061C29BCFE /* libPods-firebase-crashlytics-sample.a */,
			);
			name = Frameworks;
			sourceTree = "<group>";
		};
/* End PBXGroup section */

/* Begin PBXNativeTarget section */
		47373C3723030AB6001C978D /* firebase-crashlytics-sample */ = {
			isa = PBXNativeTarget;
			buildConfigurationList = 47373C4A23030AB7001C978D /* Build configuration list for PBXNativeTarget "firebase-crashlytics-sample" */;
			buildPhases = (
				E2394F5CC81413B7903A4941 /* [CP] Check Pods Manifest.lock */,
				47373C3423030AB6001C978D /* Sources */,
				47373C3523030AB6001C978D /* Frameworks */,
				47373C3623030AB6001C978D /* Resources */,
				47BF1810230310D5005BDAFD /* ShellScript */,
			);
			buildRules = (
			);
			dependencies = (
			);
			name = "firebase-crashlytics-sample";
			productName = "firebase-crashlytics-sample";
			productReference = 47373C3823030AB6001C978D /* firebase-crashlytics-sample.app */;
			productType = "com.apple.product-type.application";
		};
/* End PBXNativeTarget section */

/* Begin PBXProject section */
		47373C3023030AB6001C978D /* Project object */ = {
			isa = PBXProject;
			attributes = {
				LastSwiftUpdateCheck = 1030;
				LastUpgradeCheck = 1030;
				ORGANIZATIONNAME = bitrise;
				TargetAttributes = {
					47373C3723030AB6001C978D = {
						CreatedOnToolsVersion = 10.3;
					};
				};
			};
			buildConfigurationList = 47373C3323030AB6001C978D /* Build configuration list for PBXProject "firebase-crashlytics-sample" */;
			compatibilityVersion = "Xcode 9.3";
			developmentRegion = en;
			hasScannedForEncodings = 0;
			knownRegions = (
				en,
				Base,
			);
			mainGroup = 47373C2F23030AB6001C978D;
			productRefGroup = 47373C3923030AB6001C978D /* Products */;
			projectDirPath = "";
			projectRoot = "";
			targets = (
				47373C3723030AB6001C978D /* firebase-crashlytics-sample */,
			);
		};
/* End PBXProject section */

/* Begin PBXResourcesBuildPhase section */
		47373C3623030AB6001C978D /* Resources */ = {
			isa = PBXResourcesBuildPhase;
			buildActionMask = 2147483647;
			files = (
				47373C4623030AB7001C978D /* LaunchScreen.storyboard in Resources */,
				47373C4E23030B45001C978D /* GoogleService-Info.plist in Resources */,
				47373C4323030AB7001C978D /* Assets.xcassets in Resources */,
				47373C4123030AB6001C978D /* Main.storyboard in Resources */,
			);
			runOnlyForDeploymentPostprocessing = 0;
		};
/* End PBXResourcesBuildPhase section */

/* Begin PBXShellScriptBuildPhase section */
		47BF1810230310D5005BDAFD /* ShellScript */ = {
			isa = PBXShellScriptBuildPhase;
			buildActionMask = 2147483647;
			files = (
			);
			inputFileListPaths = (
			);
			inputPaths = (
				"$(SRCROOT)/$(BUILT_PRODUCTS_DIR)/$(INFOPLIST_PATH)",
			);
			outputFileListPaths = (
			);
			outputPaths = (
			);
			runOnlyForDeploymentPostprocessing = 0;
			shellPath = /bin/sh;
			shellScript = "# Type a script or drag a script file from your workspace to insert its path.\n\"${PODS_ROOT}/Fabric/run\"\n";
		};
		E2394F5CC81413B7903A4941 /* [CP] Check Pods Manifest.lock */ = {
			isa = PBXShellScriptBuildPhase;
			buildActionMask = 2147483647;
			files = (
			);
			inputFileListPaths = (
			);
			inputPaths = (
				"${PODS_PODFILE_DIR_PATH}/Podfile.lock",
				"${PODS_ROOT}/Manifest.lock",
			);
			name = "[CP] Check Pods Manifest.lock";
			outputFileListPaths = (
			);
			outputPaths = (
				"$(DERIVED_FILE_DIR)/Pods-firebase-crashlytics-sample-checkManifestLockResult.txt",
			);
			runOnlyForDeploymentPostprocessing = 0;
			shellPath = /bin/sh;
			shellScript = "diff \"${PODS_PODFILE_DIR_PATH}/Podfile.lock\" \"${PODS_ROOT}/Manifest.lock\" > /dev/null\nif [ $? != 0 ] ; then\n    # print error to STDERR\n    echo \"error: The sandbox is not in sync with the Podfile.lock. Run 'pod install' or update your CocoaPods installation.\" >&2\n    exit 1\nfi\n# This output is used by Xcode 'outputs' to avoid re-running this script phase.\necho \"SUCCESS\" > \"${SCRIPT_OUTPUT_FILE_0}\"\n";
			showEnvVarsInLog = 0;
		};
/* End PBXShellScriptBuildPhase section */

/* Begin PBXSourcesBuildPhase section */
		47373C3423030AB6001C978D /* Sources */ = {
			isa = PBXSourcesBuildPhase;
			buildActionMask = 2147483647;
			files = (
				47373C3E23030AB6001C978D /* ViewController.swift in Sources */,
				47373C3C23030AB6001C978D /* AppDelegate.swift in Sources */,
			);
			runOnlyForDeploymentPostprocessing = 0;
		};
/* End PBXSourcesBuildPhase section */

/* Begin PBXVariantGroup section */
		47373C3F23030AB6001C978D /* Main.storyboard */ = {
			isa = PBXVariantGroup;
			children = (
				47373C4023030AB6001C978D /* Base */,
			);
			name = Main.storyboard;
			sourceTree = "<group>";
		};
		47373C4423030AB7001C978D /* LaunchScreen.storyboard */ = {
			isa = PBXVariantGroup;
			children = (
				47373C4523030AB7001C978D /* Base */,
			);
			name = LaunchScreen.storyboard;
			sourceTree = "<group>";
		};
/* End PBXVariantGroup section */

/* Begin XCBuildConfiguration section */
		47373C4823030AB7001C978D /* Debug */ = {
			isa = XCBuildConfiguration;
			buildSettings = {
				ALWAYS_SEARCH_USER_PATHS = NO;
				CLANG_ANALYZER_NONNULL = YES;
				CLANG_ANALYZER_NUMBER_OBJECT_CONVERSION = YES_AGGRESSIVE;
				CLANG_CXX_LANGUAGE_STANDARD = "gnu++14";
				CLANG_CXX_LIBRARY = "libc++";
				CLANG_ENABLE_MODULES = YES;
				CLANG_ENABLE_OBJC_ARC = YES;
				CLANG_ENABLE_OBJC_WEAK = YES;
				CLANG_WARN_BLOCK_CAPTURE_AUTORELEASING = YES;
				CLANG_WARN_BOOL_CONVERSION = YES;
				CLANG_WARN_COMMA = YES;
				CLANG_WARN_CONSTANT_CONVERSION = YES;
				CLANG_WARN_DEPRECATED_OBJC_IMPLEMENTATIONS = YES;
				CLANG_WARN_DIRECT_OBJC_ISA_USAGE = YES_ERROR;
				CLANG_WARN_DOCUMENTATION_COMMENTS = YES;
				CLANG_WARN_EMPTY_BODY = YES;
				CLANG_WARN_ENUM_CONVERSION = YES;
				CLANG_WARN_INFINITE_RECURSION = YES;
				CLANG_WARN_INT_CONVERSION = YES;
				CLANG_WARN_NON_LITERAL_NULL_CONVERSION = YES;
				CLANG_WARN_OBJC_IMPLICIT_RETAIN_SELF = YES;
				CLANG_WARN_OBJC_LITERAL_CONVERSION = YES;
				CLANG_WARN_OBJC_ROOT_CLASS = YES_ERROR;
				CLANG_WARN_RANGE_LOOP_ANALYSIS = YES;
				CLANG_WARN_STRICT_PROTOTYPES = YES;
				CLANG_WARN_SUSPICIOUS_MOVE = YES;
				CLANG_WARN_UNGUARDED_AVAILABILITY = YES_AGGRESSIVE;
				CLANG_WARN_UNREACHABLE_CODE = YES;
				CLANG_WARN__DUPLICATE_METHOD_MATCH = YES;
				CODE_SIGN_IDENTITY = "iPhone Developer";
				COPY_PHASE_STRIP = NO;
				DEBUG_INFORMATION_FORMAT = dwarf;
				ENABLE_STRICT_OBJC_MSGSEND = YES;
				ENABLE_TESTABILITY = YES;
				GCC_C_LANGUAGE_STANDARD = gnu11;
				GCC_DYNAMIC_NO_PIC = NO;
				GCC_NO_COMMON_BLOCKS = YES;
				GCC_OPTIMIZATION_LEVEL = 0;
				GCC_PREPROCESSOR_DEFINITIONS = (
					"DEBUG=1",
					"$(inherited)",
				);
				GCC_WARN_64_TO_32_BIT_CONVERSION = YES;
				GCC_WARN_ABOUT_RETURN_TYPE = YES_ERROR;
				GCC_WARN_UNDECLARED_SELECTOR = YES;
				GCC_WARN_UNINITIALIZED_AUTOS = YES_AGGRESSIVE;
				GCC_WARN_UNUSED_FUNCTION = YES;
				GCC_WARN_UNUSED_VARIABLE = YES;
				IPHONEOS_DEPLOYMENT_TARGET = 12.4;
				MTL_ENABLE_DEBUG_INFO = INCLUDE_SOURCE;
				MTL_FAST_MATH = YES;
				ONLY_ACTIVE_ARCH = YES;
				SDKROOT = iphoneos;
				SWIFT_ACTIVE_COMPILATION_CONDITIONS = DEBUG;
				SWIFT_OPTIMIZATION_LEVEL = "-Onone";
			};
			name = Debug;
		};
		47373C4923030AB7001C978D /* Release */ = {
			isa = XCBuildConfiguration;
			buildSettings = {
				ALWAYS_SEARCH_USER_PATHS = NO;
				CLANG_ANALYZER_NONNULL = YES;
				CLANG_ANALYZER_NUMBER_OBJECT_CONVERSION = YES_AGGRESSIVE;
				CLANG_CXX_LANGUAGE_STANDARD = "gnu++14";
				CLANG_CXX_LIBRARY = "libc++";
				CLANG_ENABLE_MODULES = YES;
				CLANG_ENABLE_OBJC_ARC = YES;
				CLANG_ENABLE_OBJC_WEAK = YES;
				CLANG_WARN_BLOCK_CAPTURE_AUTORELEASING = YES;
				CLANG_WARN_BOOL_CONVERSION = YES;
				CLANG_WARN_COMMA = YES;
				CLANG_WARN_CONSTANT_CONVERSION = YES;
				CLANG_WARN_DEPRECATED_OBJC_IMPLEMENTATIONS = YES;
				CLANG_WARN_DIRECT_OBJC_ISA_USAGE = YES_ERROR;
				CLANG_WARN_DOCUMENTATION_COMMENTS = YES;
				CLANG_WARN_EMPTY_BODY = YES;
				CLANG_WARN_ENUM_CONVERSION = YES;
				CLANG_WARN_INFINITE_RECURSION = YES;
				CLANG_WARN_INT_CONVERSION = YES;
				CLANG_WARN_NON_LITERAL_NULL_CONVERSION = YES;
				CLANG_WARN_OBJC_IMPLICIT_RETAIN_SELF = YES;
				CLANG_WARN_OBJC_LITERAL_CONVERSION = YES;
				CLANG_WARN_OBJC_ROOT_CLASS = YES_ERROR;
				CLANG_WARN_RANGE_LOOP_ANALYSIS = YES;
				CLANG_WARN_STRICT_PROTOTYPES = YES;
				CLANG_WARN_SUSPICIOUS_MOVE = YES;
				CLANG_WARN_UNGUARDED_AVAILABILITY = YES_AGGRESSIVE;
				CLANG_WARN_UNREACHABLE_CODE = YES;
				CLANG_WARN__DUPLICATE_METHOD_MATCH = YES;
				CODE_SIGN_IDENTITY = "iPhone Developer";
				COPY_PHASE_STRIP = NO;
				DEBUG_INFORMATION_FORMAT = "dwarf-with-dsym";
				ENABLE_NS_ASSERTIONS = NO;
				ENABLE_STRICT_OBJC_MSGSEND = YES;
				GCC_C_LANGUAGE_STANDARD = gnu11;
				GCC_NO_COMMON_BLOCKS = YES;
				GCC_WARN_64_TO_32_BIT_CONVERSION = YES;
				GCC_WARN_ABOUT_RETURN_TYPE = YES_ERROR;
				GCC_WARN_UNDECLARED_SELECTOR = YES;
				GCC_WARN_UNINITIALIZED_AUTOS = YES_AGGRESSIVE;
				GCC_WARN_UNUSED_FUNCTION = YES;
				GCC_WARN_UNUSED_VARIABLE = YES;
				IPHONEOS_DEPLOYMENT_TARGET = 12.4;
				MTL_ENABLE_DEBUG_INFO = NO;
				MTL_FAST_MATH = YES;
				SDKROOT = iphoneos;
				SWIFT_COMPILATION_MODE = wholemodule;
				SWIFT_OPTIMIZATION_LEVEL = "-O";
				VALIDATE_PRODUCT = YES;
			};
			name = Release;
		};
		47373C4B23030AB7001C978D /* Debug */ = {
			isa = XCBuildConfiguration;
			baseConfigurationReference = 7F733D66FE0111BD8B20F7C1 /* Pods-firebase-crashlytics-sample.debug.xcconfig */;
			buildSettings = {
				ASSETCATALOG_COMPILER_APPICON_NAME = AppIcon;
				CODE_SIGN_STYLE = Automatic;
				DEVELOPMENT_TEAM = 72SA8V3WYL;
				INFOPLIST_FILE = "firebase-crashlytics-sample/Info.plist";
				LD_RUNPATH_SEARCH_PATHS = (
					"$(inherited)",
					"@executable_path/Frameworks",
				);
				PRODUCT_BUNDLE_IDENTIFIER = "io.bitrise.firebase-crashlytics-sample";
				PRODUCT_NAME = "$(TARGET_NAME)";
				SWIFT_VERSION = 5.0;
				TARGETED_DEVICE_FAMILY = "1,2";
			};
			name = Debug;
		};
		47373C4C23030AB7001C978D /* Release */ = {
			isa = XCBuildConfiguration;
			baseConfigurationReference = 1A091D38311AD892A56F6BFD /* Pods-firebase-crashlytics-sample.release.xcconfig */;
			buildSettings = {
				ASSETCATALOG_COMPILER_APPICON_NAME = AppIcon;
				CODE_SIGN_STYLE = Automatic;
				DEVELOPMENT_TEAM = 72SA8V3WYL;
				INFOPLIST_FILE = "firebase-crashlytics-sample/Info.plist";
				LD_RUNPATH_SEARCH_PATHS = (
					"$(inherited)",
					"@executable_path/Frameworks",
				);
				PRODUCT_BUNDLE_IDENTIFIER = "io.bitrise.firebase-crashlytics-sample";
				PRODUCT_NAME = "$(TARGET_NAME)";
				SWIFT_VERSION = 5.0;
				TARGETED_DEVICE_FAMILY = "1,2";
			};
			name = Release;
		};
/* End XCBuildConfiguration section */

/* Begin XCConfigurationList section */
		47373C3323030AB6001C978D /* Build configuration list for PBXProject "firebase-crashlytics-sample" */ = {
			isa = XCConfigurationList;
			buildConfigurations = (
				47373C4823030AB7001C978D /* Debug */,
				47373C4923030AB7001C978D /* Release */,
			);
			defaultConfigurationIsVisible = 0;
			defaultConfigurationName = Release;
		};
		47373C4A23030AB7001C978D /* Build configuration list for PBXNativeTarget "firebase-crashlytics-sample" */ = {
			isa = XCConfigurationList;
			buildConfigurations = (
				47373C4B23030AB7001C978D /* Debug */,
				47373C4C23030AB7001C978D /* Release */,
			);
			defaultConfigurationIsVisible = 0;
			defaultConfigurationName = Release;
		};
/* End XCConfigurationList section */
	};
	rootObject = 47373C3023030AB6001C978D /* Project object */;
}
